
Microsoft Visual Studio Solution File, Format Version 12.00
# Visual Studio Version 16
VisualStudioVersion = 16.0.30717.126
MinimumVisualStudioVersion = 10.0.40219.1
Project("{9A19103F-16F7-4668-BE54-9A1E7A4F7556}") = "Data", "Data\Data.csproj", "{FD5B3FB9-1EC0-4857-B9DF-D01A813C9E85}"
EndProject
Project("{FAE04EC0-301F-11D3-BF4B-00C04F79EFBC}") = "HospitalBedSystem", "HospitalBedSystem\HospitalBedSystem.csproj", "{E06875AB-8E26-4DE4-B23C-91CCA30F9F0B}"
EndProject
Global
	GlobalSection(SolutionConfigurationPlatforms) = preSolution
		Debug|Any CPU = Debug|Any CPU
		Release|Any CPU = Release|Any CPU
	EndGlobalSection
	GlobalSection(ProjectConfigurationPlatforms) = postSolution
		{FD5B3FB9-1EC0-4857-B9DF-D01A813C9E85}.Debug|Any CPU.ActiveCfg = Debug|Any CPU
		{FD5B3FB9-1EC0-4857-B9DF-D01A813C9E85}.Debug|Any CPU.Build.0 = Debug|Any CPU
		{FD5B3FB9-1EC0-4857-B9DF-D01A813C9E85}.Release|Any CPU.ActiveCfg = Release|Any CPU
		{FD5B3FB9-1EC0-4857-B9DF-D01A813C9E85}.Release|Any CPU.Build.0 = Release|Any CPU
		{E06875AB-8E26-4DE4-B23C-91CCA30F9F0B}.Debug|Any CPU.ActiveCfg = Debug|Any CPU
		{E06875AB-8E26-4DE4-B23C-91CCA30F9F0B}.Debug|Any CPU.Build.0 = Debug|Any CPU
		{E06875AB-8E26-4DE4-B23C-91CCA30F9F0B}.Release|Any CPU.ActiveCfg = Release|Any CPU
		{E06875AB-8E26-4DE4-B23C-91CCA30F9F0B}.Release|Any CPU.Build.0 = Release|Any CPU
	EndGlobalSection
	GlobalSection(SolutionProperties) = preSolution
		HideSolutionNode = FALSE
	EndGlobalSection
	GlobalSection(ExtensibilityGlobals) = postSolution
		SolutionGuid = {5330688B-08B3-4AB6-9CF1-E88B4FB55165}
	EndGlobalSection
EndGlobal
